
Microsoft Visual Studio Solution File, Format Version 12.00
# Visual Studio Version 17
VisualStudioVersion = 17.0.31903.59
MinimumVisualStudioVersion = 10.0.40219.1
Project("{2150E333-8FDC-42A3-9474-1A3956D46DE8}") = "src", "src", "{827E0CD3-B72D-47B6-A68D-7590B98EB39B}"
EndProject
Project("{FAE04EC0-301F-11D3-BF4B-00C04F79EFBC}") = "AgentTrust.Core", "src\AgentTrust.Core\AgentTrust.Core.csproj", "{30BD0A78-92C4-433F-A373-DD649388216E}"
EndProject
Project("{FAE04EC0-301F-11D3-BF4B-00C04F79EFBC}") = "AgentTrust.Policy", "src\AgentTrust.Policy\AgentTrust.Policy.csproj", "{26B688C1-AAE3-40CF-880E-B2A620912B32}"
EndProject
Project("{FAE04EC0-301F-11D3-BF4B-00C04F79EFBC}") = "AgentTrust.Payments", "src\AgentTrust.Payments\AgentTrust.Payments.csproj", "{6C821BB6-B406-4581-BF34-3191F3809C0D}"
EndProject
Project("{FAE04EC0-301F-11D3-BF4B-00C04F79EFBC}") = "AgentTrust.Evidence", "src\AgentTrust.Evidence\AgentTrust.Evidence.csproj", "{57CE05D2-FCA0-47B2-9B8E-9C73A4460CC6}"
EndProject
Project("{FAE04EC0-301F-11D3-BF4B-00C04F79EFBC}") = "AgentTrust.Agents", "src\AgentTrust.Agents\AgentTrust.Agents.csproj", "{0ECB7098-7DDA-4615-8138-8ACFD0476B66}"
EndProject
Project("{FAE04EC0-301F-11D3-BF4B-00C04F79EFBC}") = "AgentTrust.Runner", "src\AgentTrust.Runner\AgentTrust.Runner.csproj", "{A03736CA-CA83-4F73-BF9F-6A14BA273E12}"
EndProject
Project("{FAE04EC0-301F-11D3-BF4B-00C04F79EFBC}") = "AgentTrust.Tests", "tests\AgentTrust.Tests\AgentTrust.Tests.csproj", "{5139CBDA-AB5F-4CDC-B6E3-8A1B86AB78A8}"
EndProject
Project("{FAE04EC0-301F-11D3-BF4B-00C04F79EFBC}") = "AgentTrust.Orchestration", "src\AgentTrust.Orchestration\AgentTrust.Orchestration.csproj", "{224B1E23-9348-4ECF-8699-FA8FE1BED063}"
EndProject
Project("{FAE04EC0-301F-11D3-BF4B-00C04F79EFBC}") = "AgentTrust.Data", "src\AgentTrust.Data\AgentTrust.Data.csproj", "{5C38632E-909E-4BE5-9E73-F62796B770AD}"
EndProject
Project("{FAE04EC0-301F-11D3-BF4B-00C04F79EFBC}") = "AgentTrust.Api", "src\AgentTrust.Api\AgentTrust.Api.csproj", "{F692AACB-51F3-496C-AF46-3D22C1B49D18}"
EndProject
Project("{FAE04EC0-301F-11D3-BF4B-00C04F79EFBC}") = "AgentTrust.Intelligence", "src\AgentTrust.Intelligence\AgentTrust.Intelligence.csproj", "{EB4EA62D-58FE-446F-9F9F-6FE711F651C3}"
EndProject
Project("{FAE04EC0-301F-11D3-BF4B-00C04F79EFBC}") = "AgentTrust.PaymentMethods", "src\AgentTrust.PaymentMethods\AgentTrust.PaymentMethods.csproj", "{08B94AAF-D4F1-4D23-98A1-1DA13E8ED86C}"
EndProject
Project("{FAE04EC0-301F-11D3-BF4B-00C04F79EFBC}") = "AgentTrust.Mandates", "src\AgentTrust.Mandates\AgentTrust.Mandates.csproj", "{0F3BE103-C714-4AFE-BD6E-A282E0FB6B77}"
EndProject
Project("{FAE04EC0-301F-11D3-BF4B-00C04F79EFBC}") = "AgentTrust.Tasks", "src\AgentTrust.Tasks\AgentTrust.Tasks.csproj", "{B7B14CD5-F40A-411C-BF2D-4FEE92E84039}"
EndProject
Project("{FAE04EC0-301F-11D3-BF4B-00C04F79EFBC}") = "AgentTrust.Scheduling", "src\AgentTrust.Scheduling\AgentTrust.Scheduling.csproj", "{FF125901-4E06-49D2-8368-D80D367FA2D8}"
EndProject
Project("{FAE04EC0-301F-11D3-BF4B-00C04F79EFBC}") = "AgentTrust.Data.Migrations.SqlServer", "src\AgentTrust.Data.Migrations.SqlServer\AgentTrust.Data.Migrations.SqlServer.csproj", "{877CB142-6B19-4898-B945-B93A6271DD12}"
EndProject
Project("{FAE04EC0-301F-11D3-BF4B-00C04F79EFBC}") = "AgentTrust.Data.Migrations.Postgres", "src\AgentTrust.Data.Migrations.Postgres\AgentTrust.Data.Migrations.Postgres.csproj", "{D05BB48A-3AE3-49CA-8CF0-C42FD131D6BC}"
EndProject
Project("{FAE04EC0-301F-11D3-BF4B-00C04F79EFBC}") = "AgentTrust.Consumer", "src\AgentTrust.Consumer\AgentTrust.Consumer.csproj", "{CB78A5AA-32E3-40A0-9EC5-7132DDD4CF67}"
EndProject
Project("{FAE04EC0-301F-11D3-BF4B-00C04F79EFBC}") = "AgentTrust.Commerce", "src\AgentTrust.Commerce\AgentTrust.Commerce.csproj", "{1D5F5058-515C-4DAC-A595-3C1D97750539}"
EndProject
Project("{FAE04EC0-301F-11D3-BF4B-00C04F79EFBC}") = "AgentTrust.Connectors", "src\AgentTrust.Connectors\AgentTrust.Connectors.csproj", "{559C4DFA-C842-4149-BCC8-CADEA05761AB}"
EndProject
Global
	GlobalSection(SolutionConfigurationPlatforms) = preSolution
		Debug|Any CPU = Debug|Any CPU
		Debug|x64 = Debug|x64
		Debug|x86 = Debug|x86
		Release|Any CPU = Release|Any CPU
		Release|x64 = Release|x64
		Release|x86 = Release|x86
	EndGlobalSection
	GlobalSection(ProjectConfigurationPlatforms) = postSolution
		{30BD0A78-92C4-433F-A373-DD649388216E}.Debug|Any CPU.ActiveCfg = Debug|Any CPU
		{30BD0A78-92C4-433F-A373-DD649388216E}.Debug|Any CPU.Build.0 = Debug|Any CPU
		{30BD0A78-92C4-433F-A373-DD649388216E}.Debug|x64.ActiveCfg = Debug|Any CPU
		{30BD0A78-92C4-433F-A373-DD649388216E}.Debug|x64.Build.0 = Debug|Any CPU
		{30BD0A78-92C4-433F-A373-DD649388216E}.Debug|x86.ActiveCfg = Debug|Any CPU
		{30BD0A78-92C4-433F-A373-DD649388216E}.Debug|x86.Build.0 = Debug|Any CPU
		{30BD0A78-92C4-433F-A373-DD649388216E}.Release|Any CPU.ActiveCfg = Release|Any CPU
		{30BD0A78-92C4-433F-A373-DD649388216E}.Release|Any CPU.Build.0 = Release|Any CPU
		{30BD0A78-92C4-433F-A373-DD649388216E}.Release|x64.ActiveCfg = Release|Any CPU
		{30BD0A78-92C4-433F-A373-DD649388216E}.Release|x64.Build.0 = Release|Any CPU
		{30BD0A78-92C4-433F-A373-DD649388216E}.Release|x86.ActiveCfg = Release|Any CPU
		{30BD0A78-92C4-433F-A373-DD649388216E}.Release|x86.Build.0 = Release|Any CPU
		{26B688C1-AAE3-40CF-880E-B2A620912B32}.Debug|Any CPU.ActiveCfg = Debug|Any CPU
		{26B688C1-AAE3-40CF-880E-B2A620912B32}.Debug|Any CPU.Build.0 = Debug|Any CPU
		{26B688C1-AAE3-40CF-880E-B2A620912B32}.Debug|x64.ActiveCfg = Debug|Any CPU
		{26B688C1-AAE3-40CF-880E-B2A620912B32}.Debug|x64.Build.0 = Debug|Any CPU
		{26B688C1-AAE3-40CF-880E-B2A620912B32}.Debug|x86.ActiveCfg = Debug|Any CPU
		{26B688C1-AAE3-40CF-880E-B2A620912B32}.Debug|x86.Build.0 = Debug|Any CPU
		{26B688C1-AAE3-40CF-880E-B2A620912B32}.Release|Any CPU.ActiveCfg = Release|Any CPU
		{26B688C1-AAE3-40CF-880E-B2A620912B32}.Release|Any CPU.Build.0 = Release|Any CPU
		{26B688C1-AAE3-40CF-880E-B2A620912B32}.Release|x64.ActiveCfg = Release|Any CPU
		{26B688C1-AAE3-40CF-880E-B2A620912B32}.Release|x64.Build.0 = Release|Any CPU
		{26B688C1-AAE3-40CF-880E-B2A620912B32}.Release|x86.ActiveCfg = Release|Any CPU
		{26B688C1-AAE3-40CF-880E-B2A620912B32}.Release|x86.Build.0 = Release|Any CPU
		{6C821BB6-B406-4581-BF34-3191F3809C0D}.Debug|Any CPU.ActiveCfg = Debug|Any CPU
		{6C821BB6-B406-4581-BF34-3191F3809C0D}.Debug|Any CPU.Build.0 = Debug|Any CPU
		{6C821BB6-B406-4581-BF34-3191F3809C0D}.Debug|x64.ActiveCfg = Debug|Any CPU
		{6C821BB6-B406-4581-BF34-3191F3809C0D}.Debug|x64.Build.0 = Debug|Any CPU
		{6C821BB6-B406-4581-BF34-3191F3809C0D}.Debug|x86.ActiveCfg = Debug|Any CPU
		{6C821BB6-B406-4581-BF34-3191F3809C0D}.Debug|x86.Build.0 = Debug|Any CPU
		{6C821BB6-B406-4581-BF34-3191F3809C0D}.Release|Any CPU.ActiveCfg = Release|Any CPU
		{6C821BB6-B406-4581-BF34-3191F3809C0D}.Release|Any CPU.Build.0 = Release|Any CPU
		{6C821BB6-B406-4581-BF34-3191F3809C0D}.Release|x64.ActiveCfg = Release|Any CPU
		{6C821BB6-B406-4581-BF34-3191F3809C0D}.Release|x64.Build.0 = Release|Any CPU
		{6C821BB6-B406-4581-BF34-3191F3809C0D}.Release|x86.ActiveCfg = Release|Any CPU
		{6C821BB6-B406-4581-BF34-3191F3809C0D}.Release|x86.Build.0 = Release|Any CPU
		{57CE05D2-FCA0-47B2-9B8E-9C73A4460CC6}.Debug|Any CPU.ActiveCfg = Debug|Any CPU
		{57CE05D2-FCA0-47B2-9B8E-9C73A4460CC6}.Debug|Any CPU.Build.0 = Debug|Any CPU
		{57CE05D2-FCA0-47B2-9B8E-9C73A4460CC6}.Debug|x64.ActiveCfg = Debug|Any CPU
		{57CE05D2-FCA0-47B2-9B8E-9C73A4460CC6}.Debug|x64.Build.0 = Debug|Any CPU
		{57CE05D2-FCA0-47B2-9B8E-9C73A4460CC6}.Debug|x86.ActiveCfg = Debug|Any CPU
		{57CE05D2-FCA0-47B2-9B8E-9C73A4460CC6}.Debug|x86.Build.0 = Debug|Any CPU
		{57CE05D2-FCA0-47B2-9B8E-9C73A4460CC6}.Release|Any CPU.ActiveCfg = Release|Any CPU
		{57CE05D2-FCA0-47B2-9B8E-9C73A4460CC6}.Release|Any CPU.Build.0 = Release|Any CPU
		{57CE05D2-FCA0-47B2-9B8E-9C73A4460CC6}.Release|x64.ActiveCfg = Release|Any CPU
		{57CE05D2-FCA0-47B2-9B8E-9C73A4460CC6}.Release|x64.Build.0 = Release|Any CPU
		{57CE05D2-FCA0-47B2-9B8E-9C73A4460CC6}.Release|x86.ActiveCfg = Release|Any CPU
		{57CE05D2-FCA0-47B2-9B8E-9C73A4460CC6}.Release|x86.Build.0 = Release|Any CPU
		{0ECB7098-7DDA-4615-8138-8ACFD0476B66}.Debug|Any CPU.ActiveCfg = Debug|Any CPU
		{0ECB7098-7DDA-4615-8138-8ACFD0476B66}.Debug|Any CPU.Build.0 = Debug|Any CPU
		{0ECB7098-7DDA-4615-8138-8ACFD0476B66}.Debug|x64.ActiveCfg = Debug|Any CPU
		{0ECB7098-7DDA-4615-8138-8ACFD0476B66}.Debug|x64.Build.0 = Debug|Any CPU
		{0ECB7098-7DDA-4615-8138-8ACFD0476B66}.Debug|x86.ActiveCfg = Debug|Any CPU
		{0ECB7098-7DDA-4615-8138-8ACFD0476B66}.Debug|x86.Build.0 = Debug|Any CPU
		{0ECB7098-7DDA-4615-8138-8ACFD0476B66}.Release|Any CPU.ActiveCfg = Release|Any CPU
		{0ECB7098-7DDA-4615-8138-8ACFD0476B66}.Release|Any CPU.Build.0 = Release|Any CPU
		{0ECB7098-7DDA-4615-8138-8ACFD0476B66}.Release|x64.ActiveCfg = Release|Any CPU
		{0ECB7098-7DDA-4615-8138-8ACFD0476B66}.Release|x64.Build.0 = Release|Any CPU
		{0ECB7098-7DDA-4615-8138-8ACFD0476B66}.Release|x86.ActiveCfg = Release|Any CPU
		{0ECB7098-7DDA-4615-8138-8ACFD0476B66}.Release|x86.Build.0 = Release|Any CPU
		{A03736CA-CA83-4F73-BF9F-6A14BA273E12}.Debug|Any CPU.ActiveCfg = Debug|Any CPU
		{A03736CA-CA83-4F73-BF9F-6A14BA273E12}.Debug|Any CPU.Build.0 = Debug|Any CPU
		{A03736CA-CA83-4F73-BF9F-6A14BA273E12}.Debug|x64.ActiveCfg = Debug|Any CPU
		{A03736CA-CA83-4F73-BF9F-6A14BA273E12}.Debug|x64.Build.0 = Debug|Any CPU
		{A03736CA-CA83-4F73-BF9F-6A14BA273E12}.Debug|x86.ActiveCfg = Debug|Any CPU
		{A03736CA-CA83-4F73-BF9F-6A14BA273E12}.Debug|x86.Build.0 = Debug|Any CPU
		{A03736CA-CA83-4F73-BF9F-6A14BA273E12}.Release|Any CPU.ActiveCfg = Release|Any CPU
		{A03736CA-CA83-4F73-BF9F-6A14BA273E12}.Release|Any CPU.Build.0 = Release|Any CPU
		{A03736CA-CA83-4F73-BF9F-6A14BA273E12}.Release|x64.ActiveCfg = Release|Any CPU
		{A03736CA-CA83-4F73-BF9F-6A14BA273E12}.Release|x64.Build.0 = Release|Any CPU
		{A03736CA-CA83-4F73-BF9F-6A14BA273E12}.Release|x86.ActiveCfg = Release|Any CPU
		{A03736CA-CA83-4F73-BF9F-6A14BA273E12}.Release|x86.Build.0 = Release|Any CPU
		{5139CBDA-AB5F-4CDC-B6E3-8A1B86AB78A8}.Debug|Any CPU.ActiveCfg = Debug|Any CPU
		{5139CBDA-AB5F-4CDC-B6E3-8A1B86AB78A8}.Debug|Any CPU.Build.0 = Debug|Any CPU
		{5139CBDA-AB5F-4CDC-B6E3-8A1B86AB78A8}.Debug|x64.ActiveCfg = Debug|Any CPU
		{5139CBDA-AB5F-4CDC-B6E3-8A1B86AB78A8}.Debug|x64.Build.0 = Debug|Any CPU
		{5139CBDA-AB5F-4CDC-B6E3-8A1B86AB78A8}.Debug|x86.ActiveCfg = Debug|Any CPU
		{5139CBDA-AB5F-4CDC-B6E3-8A1B86AB78A8}.Debug|x86.Build.0 = Debug|Any CPU
		{5139CBDA-AB5F-4CDC-B6E3-8A1B86AB78A8}.Release|Any CPU.ActiveCfg = Release|Any CPU
		{5139CBDA-AB5F-4CDC-B6E3-8A1B86AB78A8}.Release|Any CPU.Build.0 = Release|Any CPU
		{5139CBDA-AB5F-4CDC-B6E3-8A1B86AB78A8}.Release|x64.ActiveCfg = Release|Any CPU
		{5139CBDA-AB5F-4CDC-B6E3-8A1B86AB78A8}.Release|x64.Build.0 = Release|Any CPU
		{5139CBDA-AB5F-4CDC-B6E3-8A1B86AB78A8}.Release|x86.ActiveCfg = Release|Any CPU
		{5139CBDA-AB5F-4CDC-B6E3-8A1B86AB78A8}.Release|x86.Build.0 = Release|Any CPU
		{224B1E23-9348-4ECF-8699-FA8FE1BED063}.Debug|Any CPU.ActiveCfg = Debug|Any CPU
		{224B1E23-9348-4ECF-8699-FA8FE1BED063}.Debug|Any CPU.Build.0 = Debug|Any CPU
		{224B1E23-9348-4ECF-8699-FA8FE1BED063}.Debug|x64.ActiveCfg = Debug|Any CPU
		{224B1E23-9348-4ECF-8699-FA8FE1BED063}.Debug|x64.Build.0 = Debug|Any CPU
		{224B1E23-9348-4ECF-8699-FA8FE1BED063}.Debug|x86.ActiveCfg = Debug|Any CPU
		{224B1E23-9348-4ECF-8699-FA8FE1BED063}.Debug|x86.Build.0 = Debug|Any CPU
		{224B1E23-9348-4ECF-8699-FA8FE1BED063}.Release|Any CPU.ActiveCfg = Release|Any CPU
		{224B1E23-9348-4ECF-8699-FA8FE1BED063}.Release|Any CPU.Build.0 = Release|Any CPU
		{224B1E23-9348-4ECF-8699-FA8FE1BED063}.Release|x64.ActiveCfg = Release|Any CPU
		{224B1E23-9348-4ECF-8699-FA8FE1BED063}.Release|x64.Build.0 = Release|Any CPU
		{224B1E23-9348-4ECF-8699-FA8FE1BED063}.Release|x86.ActiveCfg = Release|Any CPU
		{224B1E23-9348-4ECF-8699-FA8FE1BED063}.Release|x86.Build.0 = Release|Any CPU
		{5C38632E-909E-4BE5-9E73-F62796B770AD}.Debug|Any CPU.ActiveCfg = Debug|Any CPU
		{5C38632E-909E-4BE5-9E73-F62796B770AD}.Debug|Any CPU.Build.0 = Debug|Any CPU
		{5C38632E-909E-4BE5-9E73-F62796B770AD}.Debug|x64.ActiveCfg = Debug|Any CPU
		{5C38632E-909E-4BE5-9E73-F62796B770AD}.Debug|x64.Build.0 = Debug|Any CPU
		{5C38632E-909E-4BE5-9E73-F62796B770AD}.Debug|x86.ActiveCfg = Debug|Any CPU
		{5C38632E-909E-4BE5-9E73-F62796B770AD}.Debug|x86.Build.0 = Debug|Any CPU
		{5C38632E-909E-4BE5-9E73-F62796B770AD}.Release|Any CPU.ActiveCfg = Release|Any CPU
		{5C38632E-909E-4BE5-9E73-F62796B770AD}.Release|Any CPU.Build.0 = Release|Any CPU
		{5C38632E-909E-4BE5-9E73-F62796B770AD}.Release|x64.ActiveCfg = Release|Any CPU
		{5C38632E-909E-4BE5-9E73-F62796B770AD}.Release|x64.Build.0 = Release|Any CPU
		{5C38632E-909E-4BE5-9E73-F62796B770AD}.Release|x86.ActiveCfg = Release|Any CPU
		{5C38632E-909E-4BE5-9E73-F62796B770AD}.Release|x86.Build.0 = Release|Any CPU
		{F692AACB-51F3-496C-AF46-3D22C1B49D18}.Debug|Any CPU.ActiveCfg = Debug|Any CPU
		{F692AACB-51F3-496C-AF46-3D22C1B49D18}.Debug|Any CPU.Build.0 = Debug|Any CPU
		{F692AACB-51F3-496C-AF46-3D22C1B49D18}.Debug|x64.ActiveCfg = Debug|Any CPU
		{F692AACB-51F3-496C-AF46-3D22C1B49D18}.Debug|x64.Build.0 = Debug|Any CPU
		{F692AACB-51F3-496C-AF46-3D22C1B49D18}.Debug|x86.ActiveCfg = Debug|Any CPU
		{F692AACB-51F3-496C-AF46-3D22C1B49D18}.Debug|x86.Build.0 = Debug|Any CPU
		{F692AACB-51F3-496C-AF46-3D22C1B49D18}.Release|Any CPU.ActiveCfg = Release|Any CPU
		{F692AACB-51F3-496C-AF46-3D22C1B49D18}.Release|Any CPU.Build.0 = Release|Any CPU
		{F692AACB-51F3-496C-AF46-3D22C1B49D18}.Release|x64.ActiveCfg = Release|Any CPU
		{F692AACB-51F3-496C-AF46-3D22C1B49D18}.Release|x64.Build.0 = Release|Any CPU
		{F692AACB-51F3-496C-AF46-3D22C1B49D18}.Release|x86.ActiveCfg = Release|Any CPU
		{F692AACB-51F3-496C-AF46-3D22C1B49D18}.Release|x86.Build.0 = Release|Any CPU
		{EB4EA62D-58FE-446F-9F9F-6FE711F651C3}.Debug|Any CPU.ActiveCfg = Debug|Any CPU
		{EB4EA62D-58FE-446F-9F9F-6FE711F651C3}.Debug|Any CPU.Build.0 = Debug|Any CPU
		{EB4EA62D-58FE-446F-9F9F-6FE711F651C3}.Debug|x64.ActiveCfg = Debug|Any CPU
		{EB4EA62D-58FE-446F-9F9F-6FE711F651C3}.Debug|x64.Build.0 = Debug|Any CPU
		{EB4EA62D-58FE-446F-9F9F-6FE711F651C3}.Debug|x86.ActiveCfg = Debug|Any CPU
		{EB4EA62D-58FE-446F-9F9F-6FE711F651C3}.Debug|x86.Build.0 = Debug|Any CPU
		{EB4EA62D-58FE-446F-9F9F-6FE711F651C3}.Release|Any CPU.ActiveCfg = Release|Any CPU
		{EB4EA62D-58FE-446F-9F9F-6FE711F651C3}.Release|Any CPU.Build.0 = Release|Any CPU
		{EB4EA62D-58FE-446F-9F9F-6FE711F651C3}.Release|x64.ActiveCfg = Release|Any CPU
		{EB4EA62D-58FE-446F-9F9F-6FE711F651C3}.Release|x64.Build.0 = Release|Any CPU
		{EB4EA62D-58FE-446F-9F9F-6FE711F651C3}.Release|x86.ActiveCfg = Release|Any CPU
		{EB4EA62D-58FE-446F-9F9F-6FE711F651C3}.Release|x86.Build.0 = Release|Any CPU
		{08B94AAF-D4F1-4D23-98A1-1DA13E8ED86C}.Debug|Any CPU.ActiveCfg = Debug|Any CPU
		{08B94AAF-D4F1-4D23-98A1-1DA13E8ED86C}.Debug|Any CPU.Build.0 = Debug|Any CPU
		{08B94AAF-D4F1-4D23-98A1-1DA13E8ED86C}.Debug|x64.ActiveCfg = Debug|Any CPU
		{08B94AAF-D4F1-4D23-98A1-1DA13E8ED86C}.Debug|x64.Build.0 = Debug|Any CPU
		{08B94AAF-D4F1-4D23-98A1-1DA13E8ED86C}.Debug|x86.ActiveCfg = Debug|Any CPU
		{08B94AAF-D4F1-4D23-98A1-1DA13E8ED86C}.Debug|x86.Build.0 = Debug|Any CPU
		{08B94AAF-D4F1-4D23-98A1-1DA13E8ED86C}.Release|Any CPU.ActiveCfg = Release|Any CPU
		{08B94AAF-D4F1-4D23-98A1-1DA13E8ED86C}.Release|Any CPU.Build.0 = Release|Any CPU
		{08B94AAF-D4F1-4D23-98A1-1DA13E8ED86C}.Release|x64.ActiveCfg = Release|Any CPU
		{08B94AAF-D4F1-4D23-98A1-1DA13E8ED86C}.Release|x64.Build.0 = Release|Any CPU
		{08B94AAF-D4F1-4D23-98A1-1DA13E8ED86C}.Release|x86.ActiveCfg = Release|Any CPU
		{08B94AAF-D4F1-4D23-98A1-1DA13E8ED86C}.Release|x86.Build.0 = Release|Any CPU
		{0F3BE103-C714-4AFE-BD6E-A282E0FB6B77}.Debug|Any CPU.ActiveCfg = Debug|Any CPU
		{0F3BE103-C714-4AFE-BD6E-A282E0FB6B77}.Debug|Any CPU.Build.0 = Debug|Any CPU
		{0F3BE103-C714-4AFE-BD6E-A282E0FB6B77}.Debug|x64.ActiveCfg = Debug|Any CPU
		{0F3BE103-C714-4AFE-BD6E-A282E0FB6B77}.Debug|x64.Build.0 = Debug|Any CPU
		{0F3BE103-C714-4AFE-BD6E-A282E0FB6B77}.Debug|x86.ActiveCfg = Debug|Any CPU
		{0F3BE103-C714-4AFE-BD6E-A282E0FB6B77}.Debug|x86.Build.0 = Debug|Any CPU
		{0F3BE103-C714-4AFE-BD6E-A282E0FB6B77}.Release|Any CPU.ActiveCfg = Release|Any CPU
		{0F3BE103-C714-4AFE-BD6E-A282E0FB6B77}.Release|Any CPU.Build.0 = Release|Any CPU
		{0F3BE103-C714-4AFE-BD6E-A282E0FB6B77}.Release|x64.ActiveCfg = Release|Any CPU
		{0F3BE103-C714-4AFE-BD6E-A282E0FB6B77}.Release|x64.Build.0 = Release|Any CPU
		{0F3BE103-C714-4AFE-BD6E-A282E0FB6B77}.Release|x86.ActiveCfg = Release|Any CPU
		{0F3BE103-C714-4AFE-BD6E-A282E0FB6B77}.Release|x86.Build.0 = Release|Any CPU
		{B7B14CD5-F40A-411C-BF2D-4FEE92E84039}.Debug|Any CPU.ActiveCfg = Debug|Any CPU
		{B7B14CD5-F40A-411C-BF2D-4FEE92E84039}.Debug|Any CPU.Build.0 = Debug|Any CPU
		{B7B14CD5-F40A-411C-BF2D-4FEE92E84039}.Debug|x64.ActiveCfg = Debug|Any CPU
		{B7B14CD5-F40A-411C-BF2D-4FEE92E84039}.Debug|x64.Build.0 = Debug|Any CPU
		{B7B14CD5-F40A-411C-BF2D-4FEE92E84039}.Debug|x86.ActiveCfg = Debug|Any CPU
		{B7B14CD5-F40A-411C-BF2D-4FEE92E84039}.Debug|x86.Build.0 = Debug|Any CPU
		{B7B14CD5-F40A-411C-BF2D-4FEE92E84039}.Release|Any CPU.ActiveCfg = Release|Any CPU
		{B7B14CD5-F40A-411C-BF2D-4FEE92E84039}.Release|Any CPU.Build.0 = Release|Any CPU
		{B7B14CD5-F40A-411C-BF2D-4FEE92E84039}.Release|x64.ActiveCfg = Release|Any CPU
		{B7B14CD5-F40A-411C-BF2D-4FEE92E84039}.Release|x64.Build.0 = Release|Any CPU
		{B7B14CD5-F40A-411C-BF2D-4FEE92E84039}.Release|x86.ActiveCfg = Release|Any CPU
		{B7B14CD5-F40A-411C-BF2D-4FEE92E84039}.Release|x86.Build.0 = Release|Any CPU
		{FF125901-4E06-49D2-8368-D80D367FA2D8}.Debug|Any CPU.ActiveCfg = Debug|Any CPU
		{FF125901-4E06-49D2-8368-D80D367FA2D8}.Debug|Any CPU.Build.0 = Debug|Any CPU
		{FF125901-4E06-49D2-8368-D80D367FA2D8}.Debug|x64.ActiveCfg = Debug|Any CPU
		{FF125901-4E06-49D2-8368-D80D367FA2D8}.Debug|x64.Build.0 = Debug|Any CPU
		{FF125901-4E06-49D2-8368-D80D367FA2D8}.Debug|x86.ActiveCfg = Debug|Any CPU
		{FF125901-4E06-49D2-8368-D80D367FA2D8}.Debug|x86.Build.0 = Debug|Any CPU
		{FF125901-4E06-49D2-8368-D80D367FA2D8}.Release|Any CPU.ActiveCfg = Release|Any CPU
		{FF125901-4E06-49D2-8368-D80D367FA2D8}.Release|Any CPU.Build.0 = Release|Any CPU
		{FF125901-4E06-49D2-8368-D80D367FA2D8}.Release|x64.ActiveCfg = Release|Any CPU
		{FF125901-4E06-49D2-8368-D80D367FA2D8}.Release|x64.Build.0 = Release|Any CPU
		{FF125901-4E06-49D2-8368-D80D367FA2D8}.Release|x86.ActiveCfg = Release|Any CPU
		{FF125901-4E06-49D2-8368-D80D367FA2D8}.Release|x86.Build.0 = Release|Any CPU
		{877CB142-6B19-4898-B945-B93A6271DD12}.Debug|Any CPU.ActiveCfg = Debug|Any CPU
		{877CB142-6B19-4898-B945-B93A6271DD12}.Debug|Any CPU.Build.0 = Debug|Any CPU
		{877CB142-6B19-4898-B945-B93A6271DD12}.Debug|x64.ActiveCfg = Debug|Any CPU
		{877CB142-6B19-4898-B945-B93A6271DD12}.Debug|x64.Build.0 = Debug|Any CPU
		{877CB142-6B19-4898-B945-B93A6271DD12}.Debug|x86.ActiveCfg = Debug|Any CPU
		{877CB142-6B19-4898-B945-B93A6271DD12}.Debug|x86.Build.0 = Debug|Any CPU
		{877CB142-6B19-4898-B945-B93A6271DD12}.Release|Any CPU.ActiveCfg = Release|Any CPU
		{877CB142-6B19-4898-B945-B93A6271DD12}.Release|Any CPU.Build.0 = Release|Any CPU
		{877CB142-6B19-4898-B945-B93A6271DD12}.Release|x64.ActiveCfg = Release|Any CPU
		{877CB142-6B19-4898-B945-B93A6271DD12}.Release|x64.Build.0 = Release|Any CPU
		{877CB142-6B19-4898-B945-B93A6271DD12}.Release|x86.ActiveCfg = Release|Any CPU
		{877CB142-6B19-4898-B945-B93A6271DD12}.Release|x86.Build.0 = Release|Any CPU
		{D05BB48A-3AE3-49CA-8CF0-C42FD131D6BC}.Debug|Any CPU.ActiveCfg = Debug|Any CPU
		{D05BB48A-3AE3-49CA-8CF0-C42FD131D6BC}.Debug|Any CPU.Build.0 = Debug|Any CPU
		{D05BB48A-3AE3-49CA-8CF0-C42FD131D6BC}.Debug|x64.ActiveCfg = Debug|Any CPU
		{D05BB48A-3AE3-49CA-8CF0-C42FD131D6BC}.Debug|x64.Build.0 = Debug|Any CPU
		{D05BB48A-3AE3-49CA-8CF0-C42FD131D6BC}.Debug|x86.ActiveCfg = Debug|Any CPU
		{D05BB48A-3AE3-49CA-8CF0-C42FD131D6BC}.Debug|x86.Build.0 = Debug|Any CPU
		{D05BB48A-3AE3-49CA-8CF0-C42FD131D6BC}.Release|Any CPU.ActiveCfg = Release|Any CPU
		{D05BB48A-3AE3-49CA-8CF0-C42FD131D6BC}.Release|Any CPU.Build.0 = Release|Any CPU
		{D05BB48A-3AE3-49CA-8CF0-C42FD131D6BC}.Release|x64.ActiveCfg = Release|Any CPU
		{D05BB48A-3AE3-49CA-8CF0-C42FD131D6BC}.Release|x64.Build.0 = Release|Any CPU
		{D05BB48A-3AE3-49CA-8CF0-C42FD131D6BC}.Release|x86.ActiveCfg = Release|Any CPU
		{D05BB48A-3AE3-49CA-8CF0-C42FD131D6BC}.Release|x86.Build.0 = Release|Any CPU
		{CB78A5AA-32E3-40A0-9EC5-7132DDD4CF67}.Debug|Any CPU.ActiveCfg = Debug|Any CPU
		{CB78A5AA-32E3-40A0-9EC5-7132DDD4CF67}.Debug|Any CPU.Build.0 = Debug|Any CPU
		{CB78A5AA-32E3-40A0-9EC5-7132DDD4CF67}.Debug|x64.ActiveCfg = Debug|Any CPU
		{CB78A5AA-32E3-40A0-9EC5-7132DDD4CF67}.Debug|x64.Build.0 = Debug|Any CPU
		{CB78A5AA-32E3-40A0-9EC5-7132DDD4CF67}.Debug|x86.ActiveCfg = Debug|Any CPU
		{CB78A5AA-32E3-40A0-9EC5-7132DDD4CF67}.Debug|x86.Build.0 = Debug|Any CPU
		{CB78A5AA-32E3-40A0-9EC5-7132DDD4CF67}.Release|Any CPU.ActiveCfg = Release|Any CPU
		{CB78A5AA-32E3-40A0-9EC5-7132DDD4CF67}.Release|Any CPU.Build.0 = Release|Any CPU
		{CB78A5AA-32E3-40A0-9EC5-7132DDD4CF67}.Release|x64.ActiveCfg = Release|Any CPU
		{CB78A5AA-32E3-40A0-9EC5-7132DDD4CF67}.Release|x64.Build.0 = Release|Any CPU
		{CB78A5AA-32E3-40A0-9EC5-7132DDD4CF67}.Release|x86.ActiveCfg = Release|Any CPU
		{CB78A5AA-32E3-40A0-9EC5-7132DDD4CF67}.Release|x86.Build.0 = Release|Any CPU
		{1D5F5058-515C-4DAC-A595-3C1D97750539}.Debug|Any CPU.ActiveCfg = Debug|Any CPU
		{1D5F5058-515C-4DAC-A595-3C1D97750539}.Debug|Any CPU.Build.0 = Debug|Any CPU
		{1D5F5058-515C-4DAC-A595-3C1D97750539}.Debug|x64.ActiveCfg = Debug|Any CPU
		{1D5F5058-515C-4DAC-A595-3C1D97750539}.Debug|x64.Build.0 = Debug|Any CPU
		{1D5F5058-515C-4DAC-A595-3C1D97750539}.Debug|x86.ActiveCfg = Debug|Any CPU
		{1D5F5058-515C-4DAC-A595-3C1D97750539}.Debug|x86.Build.0 = Debug|Any CPU
		{1D5F5058-515C-4DAC-A595-3C1D97750539}.Release|Any CPU.ActiveCfg = Release|Any CPU
		{1D5F5058-515C-4DAC-A595-3C1D97750539}.Release|Any CPU.Build.0 = Release|Any CPU
		{1D5F5058-515C-4DAC-A595-3C1D97750539}.Release|x64.ActiveCfg = Release|Any CPU
		{1D5F5058-515C-4DAC-A595-3C1D97750539}.Release|x64.Build.0 = Release|Any CPU
		{1D5F5058-515C-4DAC-A595-3C1D97750539}.Release|x86.ActiveCfg = Release|Any CPU
		{1D5F5058-515C-4DAC-A595-3C1D97750539}.Release|x86.Build.0 = Release|Any CPU
		{559C4DFA-C842-4149-BCC8-CADEA05761AB}.Debug|Any CPU.ActiveCfg = Debug|Any CPU
		{559C4DFA-C842-4149-BCC8-CADEA05761AB}.Debug|Any CPU.Build.0 = Debug|Any CPU
		{559C4DFA-C842-4149-BCC8-CADEA05761AB}.Debug|x64.ActiveCfg = Debug|Any CPU
		{559C4DFA-C842-4149-BCC8-CADEA05761AB}.Debug|x64.Build.0 = Debug|Any CPU
		{559C4DFA-C842-4149-BCC8-CADEA05761AB}.Debug|x86.ActiveCfg = Debug|Any CPU
		{559C4DFA-C842-4149-BCC8-CADEA05761AB}.Debug|x86.Build.0 = Debug|Any CPU
		{559C4DFA-C842-4149-BCC8-CADEA05761AB}.Release|Any CPU.ActiveCfg = Release|Any CPU
		{559C4DFA-C842-4149-BCC8-CADEA05761AB}.Release|Any CPU.Build.0 = Release|Any CPU
		{559C4DFA-C842-4149-BCC8-CADEA05761AB}.Release|x64.ActiveCfg = Release|Any CPU
		{559C4DFA-C842-4149-BCC8-CADEA05761AB}.Release|x64.Build.0 = Release|Any CPU
		{559C4DFA-C842-4149-BCC8-CADEA05761AB}.Release|x86.ActiveCfg = Release|Any CPU
		{559C4DFA-C842-4149-BCC8-CADEA05761AB}.Release|x86.Build.0 = Release|Any CPU
	EndGlobalSection
	GlobalSection(SolutionProperties) = preSolution
		HideSolutionNode = FALSE
	EndGlobalSection
	GlobalSection(NestedProjects) = preSolution
		{30BD0A78-92C4-433F-A373-DD649388216E} = {827E0CD3-B72D-47B6-A68D-7590B98EB39B}
		{26B688C1-AAE3-40CF-880E-B2A620912B32} = {827E0CD3-B72D-47B6-A68D-7590B98EB39B}
		{6C821BB6-B406-4581-BF34-3191F3809C0D} = {827E0CD3-B72D-47B6-A68D-7590B98EB39B}
		{57CE05D2-FCA0-47B2-9B8E-9C73A4460CC6} = {827E0CD3-B72D-47B6-A68D-7590B98EB39B}
		{0ECB7098-7DDA-4615-8138-8ACFD0476B66} = {827E0CD3-B72D-47B6-A68D-7590B98EB39B}
		{A03736CA-CA83-4F73-BF9F-6A14BA273E12} = {827E0CD3-B72D-47B6-A68D-7590B98EB39B}
		{5139CBDA-AB5F-4CDC-B6E3-8A1B86AB78A8} = {827E0CD3-B72D-47B6-A68D-7590B98EB39B}
		{224B1E23-9348-4ECF-8699-FA8FE1BED063} = {827E0CD3-B72D-47B6-A68D-7590B98EB39B}
		{5C38632E-909E-4BE5-9E73-F62796B770AD} = {827E0CD3-B72D-47B6-A68D-7590B98EB39B}
		{F692AACB-51F3-496C-AF46-3D22C1B49D18} = {827E0CD3-B72D-47B6-A68D-7590B98EB39B}
		{EB4EA62D-58FE-446F-9F9F-6FE711F651C3} = {827E0CD3-B72D-47B6-A68D-7590B98EB39B}
		{08B94AAF-D4F1-4D23-98A1-1DA13E8ED86C} = {827E0CD3-B72D-47B6-A68D-7590B98EB39B}
		{0F3BE103-C714-4AFE-BD6E-A282E0FB6B77} = {827E0CD3-B72D-47B6-A68D-7590B98EB39B}
		{B7B14CD5-F40A-411C-BF2D-4FEE92E84039} = {827E0CD3-B72D-47B6-A68D-7590B98EB39B}
		{FF125901-4E06-49D2-8368-D80D367FA2D8} = {827E0CD3-B72D-47B6-A68D-7590B98EB39B}
		{877CB142-6B19-4898-B945-B93A6271DD12} = {827E0CD3-B72D-47B6-A68D-7590B98EB39B}
		{D05BB48A-3AE3-49CA-8CF0-C42FD131D6BC} = {827E0CD3-B72D-47B6-A68D-7590B98EB39B}
		{CB78A5AA-32E3-40A0-9EC5-7132DDD4CF67} = {827E0CD3-B72D-47B6-A68D-7590B98EB39B}
		{1D5F5058-515C-4DAC-A595-3C1D97750539} = {827E0CD3-B72D-47B6-A68D-7590B98EB39B}
		{559C4DFA-C842-4149-BCC8-CADEA05761AB} = {827E0CD3-B72D-47B6-A68D-7590B98EB39B}
	EndGlobalSection
EndGlobal
